
Microsoft Visual Studio Solution File, Format Version 12.00
# Visual Studio 15
VisualStudioVersion = 15.0.27428.2002
MinimumVisualStudioVersion = 10.0.40219.1
Project("{FAE04EC0-301F-11D3-BF4B-00C04F79EFBC}") = "AgileDevelopmentPlatform", "AgileDevelopmentPlatform\AgileDevelopmentPlatform.csproj", "{A482D81E-2EDA-42CA-8C9D-8D8134856FE7}"
EndProject
Project("{FAE04EC0-301F-11D3-BF4B-00C04F79EFBC}") = "AgileDevelopmentPlatform.Tests", "AgileDevelopmentPlatform.Tests\AgileDevelopmentPlatform.Tests.csproj", "{200D3781-905D-4800-ACD6-265E2740F159}"
EndProject
Global
	GlobalSection(SolutionConfigurationPlatforms) = preSolution
		Debug|Any CPU = Debug|Any CPU
		Release|Any CPU = Release|Any CPU
	EndGlobalSection
	GlobalSection(ProjectConfigurationPlatforms) = postSolution
		{A482D81E-2EDA-42CA-8C9D-8D8134856FE7}.Debug|Any CPU.ActiveCfg = Debug|Any CPU
		{A482D81E-2EDA-42CA-8C9D-8D8134856FE7}.Debug|Any CPU.Build.0 = Debug|Any CPU
		{A482D81E-2EDA-42CA-8C9D-8D8134856FE7}.Release|Any CPU.ActiveCfg = Release|Any CPU
		{A482D81E-2EDA-42CA-8C9D-8D8134856FE7}.Release|Any CPU.Build.0 = Release|Any CPU
		{200D3781-905D-4800-ACD6-265E2740F159}.Debug|Any CPU.ActiveCfg = Debug|Any CPU
		{200D3781-905D-4800-ACD6-265E2740F159}.Debug|Any CPU.Build.0 = Debug|Any CPU
		{200D3781-905D-4800-ACD6-265E2740F159}.Release|Any CPU.ActiveCfg = Release|Any CPU
		{200D3781-905D-4800-ACD6-265E2740F159}.Release|Any CPU.Build.0 = Release|Any CPU
	EndGlobalSection
	GlobalSection(SolutionProperties) = preSolution
		HideSolutionNode = FALSE
	EndGlobalSection
	GlobalSection(ExtensibilityGlobals) = postSolution
		SolutionGuid = {7C8B3F6E-3566-403A-818F-C01746A804D0}
	EndGlobalSection
EndGlobal
